
Microsoft Visual Studio Solution File, Format Version 12.00
# Visual Studio Version 17
VisualStudioVersion = 17.8.34525.116
MinimumVisualStudioVersion = 10.0.40219.1
Project("{9A19103F-16F7-4668-BE54-9A1E7A4F7556}") = "HelloApp1", "HelloApp1.csproj", "{087B8BB5-0BBC-4630-A615-E418E31203D5}"
EndProject
Project("{2150E333-8FDC-42A3-9474-1A3956D46DE8}") = "Элементы решения", "Элементы решения", "{10B76134-BE35-4005-B821-B6E9EC1B94B5}"
EndProject
Global
	GlobalSection(SolutionConfigurationPlatforms) = preSolution
		Debug|Any CPU = Debug|Any CPU
		Release|Any CPU = Release|Any CPU
	EndGlobalSection
	GlobalSection(ProjectConfigurationPlatforms) = postSolution
		{087B8BB5-0BBC-4630-A615-E418E31203D5}.Debug|Any CPU.ActiveCfg = Debug|Any CPU
		{087B8BB5-0BBC-4630-A615-E418E31203D5}.Debug|Any CPU.Build.0 = Debug|Any CPU
		{087B8BB5-0BBC-4630-A615-E418E31203D5}.Release|Any CPU.ActiveCfg = Release|Any CPU
		{087B8BB5-0BBC-4630-A615-E418E31203D5}.Release|Any CPU.Build.0 = Release|Any CPU
	EndGlobalSection
	GlobalSection(SolutionProperties) = preSolution
		HideSolutionNode = FALSE
	EndGlobalSection
	GlobalSection(ExtensibilityGlobals) = postSolution
		SolutionGuid = {C59035C0-9A17-49A2-89A6-586E7B5DD492}
	EndGlobalSection
EndGlobal
